PODS:
  - DKMacLibrary (0.1.10)
  - Nimble (7.3.4)
  - Quick (1.3.4)
  - RxCocoa (5.1.1):
    - RxRelay (~> 5)
    - RxSwift (~> 5)
  - RxRelay (5.1.1):
    - RxSwift (~> 5)
  - RxSwift (5.1.1)
  - SwiftLint (0.39.2)

DEPENDENCIES:
  - DKMacLibrary (from `../`)
  - Nimble (~> 7.3.2)
  - Quick (~> 1.3.2)
  - RxCocoa (~> 5)
  - RxSwift (~> 5)
  - SwiftLint

SPEC REPOS:
  trunk:
    - Nimble
    - Quick
    - RxCocoa
    - RxRelay
    - RxSwift
    - SwiftLint

EXTERNAL SOURCES:
  DKMacLibrary:
    :path: "../"

SPEC CHECKSUMS:
  DKMacLibrary: a06c9f9845ff3714bed63243455f7618f2808b6a
  Nimble: 051e3d8912d40138fa5591c78594f95fb172af37
  Quick: f4f7f063c524394c73ed93ac70983c609805d481
  RxCocoa: 32065309a38d29b5b0db858819b5bf9ef038b601
  RxRelay: d77f7d771495f43c556cbc43eebd1bb54d01e8e9
  RxSwift: 81470a2074fa8780320ea5fe4102807cb7118178
  SwiftLint: 22ccbbe3b8008684be5955693bab135e0ed6a447

PODFILE CHECKSUM: 538058d0f24c5b8cf0cad2fba556ab9ba7341b4c

COCOAPODS: 1.9.1
