// !$*UTF8*$!
{
	archiveVersion = 1;
	classes = {
	};
	objectVersion = 48;
	objects = {

/* Begin PBXBuildFile section */
		4A2051AC10C7F1AFD5BFD631 /* Pods_DKMacLibrary_Tests.framework in Frameworks */ = {isa = PBXBuildFile; fileRef = A902A138CB591BD4B80CE392 /* Pods_DKMacLibrary_Tests.framework */; };
		99445FEEA17C8535CA135CFC /* Pods_DKMacLibrary_Example.framework in Frameworks */ = {isa = PBXBuildFile; fileRef = B33BCC3992D78F1D5075A7A4 /* Pods_DKMacLibrary_Example.framework */; };
		ED83F67C20348A760038D96B /* AppDelegate.swift in Sources */ = {isa = PBXBuildFile; fileRef = ED83F67B20348A760038D96B /* AppDelegate.swift */; };
		ED83F67E20348A760038D96B /* ViewController.swift in Sources */ = {isa = PBXBuildFile; fileRef = ED83F67D20348A760038D96B /* ViewController.swift */; };
		ED83F68020348A760038D96B /* Assets.xcassets in Resources */ = {isa = PBXBuildFile; fileRef = ED83F67F20348A760038D96B /* Assets.xcassets */; };
		ED83F68320348A760038D96B /* Main.storyboard in Resources */ = {isa = PBXBuildFile; fileRef = ED83F68120348A760038D96B /* Main.storyboard */; };
		FA03B24120D4F13E00BB5115 /* ExLogSpec.swift in Sources */ = {isa = PBXBuildFile; fileRef = FA03B23F20D4F0F400BB5115 /* ExLogSpec.swift */; };
		FA74B7DE22758AFE008BBD2C /* RichDateSpec.swift in Sources */ = {isa = PBXBuildFile; fileRef = FA74B7DD22758AFE008BBD2C /* RichDateSpec.swift */; };
		FA74B7E122789CDF008BBD2C /* .swiftlint.yml in Resources */ = {isa = PBXBuildFile; fileRef = FA74B7E022789CDF008BBD2C /* .swiftlint.yml */; };
		FA7E1CF72274A0500044133E /* ExFileSpec.swift in Sources */ = {isa = PBXBuildFile; fileRef = FA7E1CF522749FFE0044133E /* ExFileSpec.swift */; };
		FA7E1CFD2274A8D20044133E /* ExTestSpec.swift in Sources */ = {isa = PBXBuildFile; fileRef = FA7E1CFC2274A8D20044133E /* ExTestSpec.swift */; };
		FA7E1CFF2274AAE00044133E /* ExCalendarsSpec.swift in Sources */ = {isa = PBXBuildFile; fileRef = FA7E1CFE2274AAE00044133E /* ExCalendarsSpec.swift */; };
		FA7E1D0622751D920044133E /* WeekDaySpec.swift in Sources */ = {isa = PBXBuildFile; fileRef = FA7E1D0522751D920044133E /* WeekDaySpec.swift */; };
/* End PBXBuildFile section */

/* Begin PBXContainerItemProxy section */
		ED83F68B20348A760038D96B /* PBXContainerItemProxy */ = {
			isa = PBXContainerItemProxy;
			containerPortal = ED83F67020348A760038D96B /* Project object */;
			proxyType = 1;
			remoteGlobalIDString = ED83F67720348A760038D96B;
			remoteInfo = DKMacLibrary;
		};
/* End PBXContainerItemProxy section */

/* Begin PBXFileReference section */
		21BAE9892043A17478626CD4 /* Pods-DKMacLibrary_Tests.debug.xcconfig */ = {isa = PBXFileReference; includeInIndex = 1; lastKnownFileType = text.xcconfig; name = "Pods-DKMacLibrary_Tests.debug.xcconfig"; path = "Pods/Target Support Files/Pods-DKMacLibrary_Tests/Pods-DKMacLibrary_Tests.debug.xcconfig"; sourceTree = "<group>"; };
		3180B24B422A4D66466673E9 /* LICENSE */ = {isa = PBXFileReference; includeInIndex = 1; lastKnownFileType = text; name = LICENSE; path = ../LICENSE; sourceTree = "<group>"; };
		5D20DC2344F14D0105899928 /* DKMacLibrary.podspec */ = {isa = PBXFileReference; includeInIndex = 1; lastKnownFileType = text; name = DKMacLibrary.podspec; path = ../DKMacLibrary.podspec; sourceTree = "<group>"; };
		70526BE044338CD77C38CF7D /* README.md */ = {isa = PBXFileReference; includeInIndex = 1; lastKnownFileType = net.daringfireball.markdown; name = README.md; path = ../README.md; sourceTree = "<group>"; };
		9B4F4FDDE344F5A11D0AEAE8 /* Pods-DKMacLibrary_Tests.release.xcconfig */ = {isa = PBXFileReference; includeInIndex = 1; lastKnownFileType = text.xcconfig; name = "Pods-DKMacLibrary_Tests.release.xcconfig"; path = "Pods/Target Support Files/Pods-DKMacLibrary_Tests/Pods-DKMacLibrary_Tests.release.xcconfig"; sourceTree = "<group>"; };
		A902A138CB591BD4B80CE392 /* Pods_DKMacLibrary_Tests.framework */ = {isa = PBXFileReference; explicitFileType = wrapper.framework; includeInIndex = 0; path = Pods_DKMacLibrary_Tests.framework; sourceTree = BUILT_PRODUCTS_DIR; };
		B33BCC3992D78F1D5075A7A4 /* Pods_DKMacLibrary_Example.framework */ = {isa = PBXFileReference; explicitFileType = wrapper.framework; includeInIndex = 0; path = Pods_DKMacLibrary_Example.framework; sourceTree = BUILT_PRODUCTS_DIR; };
		D2C94295E5406030A4E731C3 /* Pods-DKMacLibrary_Example.debug.xcconfig */ = {isa = PBXFileReference; includeInIndex = 1; lastKnownFileType = text.xcconfig; name = "Pods-DKMacLibrary_Example.debug.xcconfig"; path = "Pods/Target Support Files/Pods-DKMacLibrary_Example/Pods-DKMacLibrary_Example.debug.xcconfig"; sourceTree = "<group>"; };
		EA89D847DF01C67FEA5913DB /* Pods-DKMacLibrary_Example.release.xcconfig */ = {isa = PBXFileReference; includeInIndex = 1; lastKnownFileType = text.xcconfig; name = "Pods-DKMacLibrary_Example.release.xcconfig"; path = "Pods/Target Support Files/Pods-DKMacLibrary_Example/Pods-DKMacLibrary_Example.release.xcconfig"; sourceTree = "<group>"; };
		ED83F67820348A760038D96B /* DKMacLibrary_Example.app */ = {isa = PBXFileReference; explicitFileType = wrapper.application; includeInIndex = 0; path = DKMacLibrary_Example.app; sourceTree = BUILT_PRODUCTS_DIR; };
		ED83F67B20348A760038D96B /* AppDelegate.swift */ = {isa = PBXFileReference; lastKnownFileType = sourcecode.swift; path = AppDelegate.swift; sourceTree = "<group>"; };
		ED83F67D20348A760038D96B /* ViewController.swift */ = {isa = PBXFileReference; lastKnownFileType = sourcecode.swift; path = ViewController.swift; sourceTree = "<group>"; };
		ED83F67F20348A760038D96B /* Assets.xcassets */ = {isa = PBXFileReference; lastKnownFileType = folder.assetcatalog; path = Assets.xcassets; sourceTree = "<group>"; };
		ED83F68220348A760038D96B /* Base */ = {isa = PBXFileReference; lastKnownFileType = file.storyboard; name = Base; path = Base.lproj/Main.storyboard; sourceTree = "<group>"; };
		ED83F68420348A760038D96B /* Info.plist */ = {isa = PBXFileReference; lastKnownFileType = text.plist.xml; path = Info.plist; sourceTree = "<group>"; };
		ED83F68520348A760038D96B /* DKMacLibrary.entitlements */ = {isa = PBXFileReference; lastKnownFileType = text.plist.entitlements; path = DKMacLibrary.entitlements; sourceTree = "<group>"; };
		ED83F68A20348A760038D96B /* DKMacLibrary_Tests.xctest */ = {isa = PBXFileReference; explicitFileType = wrapper.cfbundle; includeInIndex = 0; path = DKMacLibrary_Tests.xctest; sourceTree = BUILT_PRODUCTS_DIR; };
		ED83F69020348A760038D96B /* Info.plist */ = {isa = PBXFileReference; lastKnownFileType = text.plist.xml; path = Info.plist; sourceTree = "<group>"; };
		FA03B23F20D4F0F400BB5115 /* ExLogSpec.swift */ = {isa = PBXFileReference; lastKnownFileType = sourcecode.swift; path = ExLogSpec.swift; sourceTree = "<group>"; };
		FA74B7DD22758AFE008BBD2C /* RichDateSpec.swift */ = {isa = PBXFileReference; lastKnownFileType = sourcecode.swift; path = RichDateSpec.swift; sourceTree = "<group>"; };
		FA74B7E022789CDF008BBD2C /* .swiftlint.yml */ = {isa = PBXFileReference; fileEncoding = 4; lastKnownFileType = text; path = .swiftlint.yml; sourceTree = "<group>"; };
		FA7E1CF522749FFE0044133E /* ExFileSpec.swift */ = {isa = PBXFileReference; lastKnownFileType = sourcecode.swift; path = ExFileSpec.swift; sourceTree = "<group>"; };
		FA7E1CFC2274A8D20044133E /* ExTestSpec.swift */ = {isa = PBXFileReference; lastKnownFileType = sourcecode.swift; path = ExTestSpec.swift; sourceTree = "<group>"; };
		FA7E1CFE2274AAE00044133E /* ExCalendarsSpec.swift */ = {isa = PBXFileReference; lastKnownFileType = sourcecode.swift; path = ExCalendarsSpec.swift; sourceTree = "<group>"; };
		FA7E1D0522751D920044133E /* WeekDaySpec.swift */ = {isa = PBXFileReference; lastKnownFileType = sourcecode.swift; path = WeekDaySpec.swift; sourceTree = "<group>"; };
/* End PBXFileReference section */

/* Begin PBXFrameworksBuildPhase section */
		ED83F67520348A760038D96B /* Frameworks */ = {
			isa = PBXFrameworksBuildPhase;
			buildActionMask = 2147483647;
			files = (
				99445FEEA17C8535CA135CFC /* Pods_DKMacLibrary_Example.framework in Frameworks */,
			);
			runOnlyForDeploymentPostprocessing = 0;
		};
		ED83F68720348A760038D96B /* Frameworks */ = {
			isa = PBXFrameworksBuildPhase;
			buildActionMask = 2147483647;
			files = (
				4A2051AC10C7F1AFD5BFD631 /* Pods_DKMacLibrary_Tests.framework in Frameworks */,
			);
			runOnlyForDeploymentPostprocessing = 0;
		};
/* End PBXFrameworksBuildPhase section */

/* Begin PBXGroup section */
		3BAC07252030C3EA73A48F7D /* Pods */ = {
			isa = PBXGroup;
			children = (
				D2C94295E5406030A4E731C3 /* Pods-DKMacLibrary_Example.debug.xcconfig */,
				EA89D847DF01C67FEA5913DB /* Pods-DKMacLibrary_Example.release.xcconfig */,
				21BAE9892043A17478626CD4 /* Pods-DKMacLibrary_Tests.debug.xcconfig */,
				9B4F4FDDE344F5A11D0AEAE8 /* Pods-DKMacLibrary_Tests.release.xcconfig */,
			);
			name = Pods;
			sourceTree = "<group>";
		};
		40BB1BDA86541434D092E3AE /* Frameworks */ = {
			isa = PBXGroup;
			children = (
				B33BCC3992D78F1D5075A7A4 /* Pods_DKMacLibrary_Example.framework */,
				A902A138CB591BD4B80CE392 /* Pods_DKMacLibrary_Tests.framework */,
			);
			name = Frameworks;
			sourceTree = "<group>";
		};
		ED83F66F20348A760038D96B = {
			isa = PBXGroup;
			children = (
				FA74B7E022789CDF008BBD2C /* .swiftlint.yml */,
				ED83F69A20348B650038D96B /* Podspec Metadata */,
				ED83F67A20348A760038D96B /* DKMacLibrary */,
				ED83F68D20348A760038D96B /* Tests */,
				3BAC07252030C3EA73A48F7D /* Pods */,
				40BB1BDA86541434D092E3AE /* Frameworks */,
			);
			sourceTree = "<group>";
		};
		ED83F67920348A760038D96B /* Products */ = {
			isa = PBXGroup;
			children = (
				ED83F67820348A760038D96B /* DKMacLibrary_Example.app */,
				ED83F68A20348A760038D96B /* DKMacLibrary_Tests.xctest */,
			);
			name = Products;
			path = ..;
			sourceTree = "<group>";
		};
		ED83F67A20348A760038D96B /* DKMacLibrary */ = {
			isa = PBXGroup;
			children = (
				ED83F67B20348A760038D96B /* AppDelegate.swift */,
				ED83F67D20348A760038D96B /* ViewController.swift */,
				ED83F67F20348A760038D96B /* Assets.xcassets */,
				ED83F68120348A760038D96B /* Main.storyboard */,
				ED83F68420348A760038D96B /* Info.plist */,
				ED83F68520348A760038D96B /* DKMacLibrary.entitlements */,
			);
			path = DKMacLibrary;
			sourceTree = "<group>";
		};
		ED83F68D20348A760038D96B /* Tests */ = {
			isa = PBXGroup;
			children = (
				FA03B23F20D4F0F400BB5115 /* ExLogSpec.swift */,
				FA7E1CF522749FFE0044133E /* ExFileSpec.swift */,
				FA7E1CFC2274A8D20044133E /* ExTestSpec.swift */,
				FA7E1D0522751D920044133E /* WeekDaySpec.swift */,
				FA7E1CFE2274AAE00044133E /* ExCalendarsSpec.swift */,
				FA74B7DD22758AFE008BBD2C /* RichDateSpec.swift */,
				ED83F69020348A760038D96B /* Info.plist */,
				ED83F67920348A760038D96B /* Products */,
			);
			path = Tests;
			sourceTree = "<group>";
		};
		ED83F69A20348B650038D96B /* Podspec Metadata */ = {
			isa = PBXGroup;
			children = (
				5D20DC2344F14D0105899928 /* DKMacLibrary.podspec */,
				70526BE044338CD77C38CF7D /* README.md */,
				3180B24B422A4D66466673E9 /* LICENSE */,
			);
			name = "Podspec Metadata";
			sourceTree = "<group>";
		};
/* End PBXGroup section */

/* Begin PBXNativeTarget section */
		ED83F67720348A760038D96B /* DKMacLibrary_Example */ = {
			isa = PBXNativeTarget;
			buildConfigurationList = ED83F69320348A760038D96B /* Build configuration list for PBXNativeTarget "DKMacLibrary_Example" */;
			buildPhases = (
				D174E304706780A9E2258C41 /* [CP] Check Pods Manifest.lock */,
				ED83F67420348A760038D96B /* Sources */,
				ED83F67520348A760038D96B /* Frameworks */,
				ED83F67620348A760038D96B /* Resources */,
				FA74B7DF22789C88008BBD2C /* ShellScript */,
				56C703BB1E18768541B5127A /* [CP] Embed Pods Frameworks */,
			);
			buildRules = (
			);
			dependencies = (
			);
			name = DKMacLibrary_Example;
			productName = DKMacLibrary;
			productReference = ED83F67820348A760038D96B /* DKMacLibrary_Example.app */;
			productType = "com.apple.product-type.application";
		};
		ED83F68920348A760038D96B /* DKMacLibrary_Tests */ = {
			isa = PBXNativeTarget;
			buildConfigurationList = ED83F69620348A760038D96B /* Build configuration list for PBXNativeTarget "DKMacLibrary_Tests" */;
			buildPhases = (
				32296E3A0CF17B56FD39486B /* [CP] Check Pods Manifest.lock */,
				ED83F68620348A760038D96B /* Sources */,
				ED83F68720348A760038D96B /* Frameworks */,
				ED83F68820348A760038D96B /* Resources */,
				0AF212E36FF0EF614A171D7E /* [CP] Embed Pods Frameworks */,
			);
			buildRules = (
			);
			dependencies = (
				ED83F68C20348A760038D96B /* PBXTargetDependency */,
			);
			name = DKMacLibrary_Tests;
			productName = DKMacLibraryTests;
			productReference = ED83F68A20348A760038D96B /* DKMacLibrary_Tests.xctest */;
			productType = "com.apple.product-type.bundle.unit-test";
		};
/* End PBXNativeTarget section */

/* Begin PBXProject section */
		ED83F67020348A760038D96B /* Project object */ = {
			isa = PBXProject;
			attributes = {
				LastSwiftUpdateCheck = 0900;
				LastUpgradeCheck = 0900;
				ORGANIZATIONNAME = CocoaPods;
				TargetAttributes = {
					ED83F67720348A760038D96B = {
						CreatedOnToolsVersion = 9.0;
						ProvisioningStyle = Automatic;
					};
					ED83F68920348A760038D96B = {
						CreatedOnToolsVersion = 9.0;
						ProvisioningStyle = Automatic;
						TestTargetID = ED83F67720348A760038D96B;
					};
				};
			};
			buildConfigurationList = ED83F67320348A760038D96B /* Build configuration list for PBXProject "DKMacLibrary" */;
			compatibilityVersion = "Xcode 8.0";
			developmentRegion = en;
			hasScannedForEncodings = 0;
			knownRegions = (
				en,
				Base,
			);
			mainGroup = ED83F66F20348A760038D96B;
			productRefGroup = ED83F67920348A760038D96B /* Products */;
			projectDirPath = "";
			projectRoot = "";
			targets = (
				ED83F67720348A760038D96B /* DKMacLibrary_Example */,
				ED83F68920348A760038D96B /* DKMacLibrary_Tests */,
			);
		};
/* End PBXProject section */

/* Begin PBXResourcesBuildPhase section */
		ED83F67620348A760038D96B /* Resources */ = {
			isa = PBXResourcesBuildPhase;
			buildActionMask = 2147483647;
			files = (
				FA74B7E122789CDF008BBD2C /* .swiftlint.yml in Resources */,
				ED83F68020348A760038D96B /* Assets.xcassets in Resources */,
				ED83F68320348A760038D96B /* Main.storyboard in Resources */,
			);
			runOnlyForDeploymentPostprocessing = 0;
		};
		ED83F68820348A760038D96B /* Resources */ = {
			isa = PBXResourcesBuildPhase;
			buildActionMask = 2147483647;
			files = (
			);
			runOnlyForDeploymentPostprocessing = 0;
		};
/* End PBXResourcesBuildPhase section */

/* Begin PBXShellScriptBuildPhase section */
		0AF212E36FF0EF614A171D7E /* [CP] Embed Pods Frameworks */ = {
			isa = PBXShellScriptBuildPhase;
			buildActionMask = 2147483647;
			files = (
			);
			inputPaths = (
				"${PODS_ROOT}/Target Support Files/Pods-DKMacLibrary_Tests/Pods-DKMacLibrary_Tests-frameworks.sh",
				"${BUILT_PRODUCTS_DIR}/Nimble/Nimble.framework",
				"${BUILT_PRODUCTS_DIR}/Quick/Quick.framework",
			);
			name = "[CP] Embed Pods Frameworks";
			outputPaths = (
				"${TARGET_BUILD_DIR}/${FRAMEWORKS_FOLDER_PATH}/Nimble.framework",
				"${TARGET_BUILD_DIR}/${FRAMEWORKS_FOLDER_PATH}/Quick.framework",
			);
			runOnlyForDeploymentPostprocessing = 0;
			shellPath = /bin/sh;
			shellScript = "\"${PODS_ROOT}/Target Support Files/Pods-DKMacLibrary_Tests/Pods-DKMacLibrary_Tests-frameworks.sh\"\n";
			showEnvVarsInLog = 0;
		};
		32296E3A0CF17B56FD39486B /* [CP] Check Pods Manifest.lock */ = {
			isa = PBXShellScriptBuildPhase;
			buildActionMask = 2147483647;
			files = (
			);
			inputPaths = (
				"${PODS_PODFILE_DIR_PATH}/Podfile.lock",
				"${PODS_ROOT}/Manifest.lock",
			);
			name = "[CP] Check Pods Manifest.lock";
			outputPaths = (
				"$(DERIVED_FILE_DIR)/Pods-DKMacLibrary_Tests-checkManifestLockResult.txt",
			);
			runOnlyForDeploymentPostprocessing = 0;
			shellPath = /bin/sh;
			shellScript = "diff \"${PODS_PODFILE_DIR_PATH}/Podfile.lock\" \"${PODS_ROOT}/Manifest.lock\" > /dev/null\nif [ $? != 0 ] ; then\n    # print error to STDERR\n    echo \"error: The sandbox is not in sync with the Podfile.lock. Run 'pod install' or update your CocoaPods installation.\" >&2\n    exit 1\nfi\n# This output is used by Xcode 'outputs' to avoid re-running this script phase.\necho \"SUCCESS\" > \"${SCRIPT_OUTPUT_FILE_0}\"\n";
			showEnvVarsInLog = 0;
		};
		56C703BB1E18768541B5127A /* [CP] Embed Pods Frameworks */ = {
			isa = PBXShellScriptBuildPhase;
			buildActionMask = 2147483647;
			files = (
			);
			inputPaths = (
				"${PODS_ROOT}/Target Support Files/Pods-DKMacLibrary_Example/Pods-DKMacLibrary_Example-frameworks.sh",
				"${BUILT_PRODUCTS_DIR}/DKMacLibrary/DKMacLibrary.framework",
			);
			name = "[CP] Embed Pods Frameworks";
			outputPaths = (
				"${TARGET_BUILD_DIR}/${FRAMEWORKS_FOLDER_PATH}/DKMacLibrary.framework",
			);
			runOnlyForDeploymentPostprocessing = 0;
			shellPath = /bin/sh;
			shellScript = "\"${PODS_ROOT}/Target Support Files/Pods-DKMacLibrary_Example/Pods-DKMacLibrary_Example-frameworks.sh\"\n";
			showEnvVarsInLog = 0;
		};
		D174E304706780A9E2258C41 /* [CP] Check Pods Manifest.lock */ = {
			isa = PBXShellScriptBuildPhase;
			buildActionMask = 2147483647;
			files = (
			);
			inputPaths = (
				"${PODS_PODFILE_DIR_PATH}/Podfile.lock",
				"${PODS_ROOT}/Manifest.lock",
			);
			name = "[CP] Check Pods Manifest.lock";
			outputPaths = (
				"$(DERIVED_FILE_DIR)/Pods-DKMacLibrary_Example-checkManifestLockResult.txt",
			);
			runOnlyForDeploymentPostprocessing = 0;
			shellPath = /bin/sh;
			shellScript = "diff \"${PODS_PODFILE_DIR_PATH}/Podfile.lock\" \"${PODS_ROOT}/Manifest.lock\" > /dev/null\nif [ $? != 0 ] ; then\n    # print error to STDERR\n    echo \"error: The sandbox is not in sync with the Podfile.lock. Run 'pod install' or update your CocoaPods installation.\" >&2\n    exit 1\nfi\n# This output is used by Xcode 'outputs' to avoid re-running this script phase.\necho \"SUCCESS\" > \"${SCRIPT_OUTPUT_FILE_0}\"\n";
			showEnvVarsInLog = 0;
		};
		FA74B7DF22789C88008BBD2C /* ShellScript */ = {
			isa = PBXShellScriptBuildPhase;
			buildActionMask = 2147483647;
			files = (
			);
			inputFileListPaths = (
			);
			inputPaths = (
			);
			outputFileListPaths = (
			);
			outputPaths = (
			);
			runOnlyForDeploymentPostprocessing = 0;
			shellPath = /bin/sh;
			shellScript = "#swiftlintをPodでインストールしている(versionを固定にするため)\nif which swiftlint >/dev/null; then\n${PODS_ROOT}/SwiftLint/swiftlint autocorrect\n${PODS_ROOT}/SwiftLint/swiftlint\nelse\necho \"SwiftLint does not exist, download from https://github.com/realm/SwiftLint\"\nfi\n";
		};
/* End PBXShellScriptBuildPhase section */

/* Begin PBXSourcesBuildPhase section */
		ED83F67420348A760038D96B /* Sources */ = {
			isa = PBXSourcesBuildPhase;
			buildActionMask = 2147483647;
			files = (
				ED83F67E20348A760038D96B /* ViewController.swift in Sources */,
				ED83F67C20348A760038D96B /* AppDelegate.swift in Sources */,
			);
			runOnlyForDeploymentPostprocessing = 0;
		};
		ED83F68620348A760038D96B /* Sources */ = {
			isa = PBXSourcesBuildPhase;
			buildActionMask = 2147483647;
			files = (
				FA03B24120D4F13E00BB5115 /* ExLogSpec.swift in Sources */,
				FA7E1CFF2274AAE00044133E /* ExCalendarsSpec.swift in Sources */,
				FA74B7DE22758AFE008BBD2C /* RichDateSpec.swift in Sources */,
				FA7E1CFD2274A8D20044133E /* ExTestSpec.swift in Sources */,
				FA7E1D0622751D920044133E /* WeekDaySpec.swift in Sources */,
				FA7E1CF72274A0500044133E /* ExFileSpec.swift in Sources */,
			);
			runOnlyForDeploymentPostprocessing = 0;
		};
/* End PBXSourcesBuildPhase section */

/* Begin PBXTargetDependency section */
		ED83F68C20348A760038D96B /* PBXTargetDependency */ = {
			isa = PBXTargetDependency;
			target = ED83F67720348A760038D96B /* DKMacLibrary_Example */;
			targetProxy = ED83F68B20348A760038D96B /* PBXContainerItemProxy */;
		};
/* End PBXTargetDependency section */

/* Begin PBXVariantGroup section */
		ED83F68120348A760038D96B /* Main.storyboard */ = {
			isa = PBXVariantGroup;
			children = (
				ED83F68220348A760038D96B /* Base */,
			);
			name = Main.storyboard;
			sourceTree = "<group>";
		};
/* End PBXVariantGroup section */

/* Begin XCBuildConfiguration section */
		ED83F69120348A760038D96B /* Debug */ = {
			isa = XCBuildConfiguration;
			buildSettings = {
				ALWAYS_SEARCH_USER_PATHS = NO;
				CLANG_ANALYZER_NONNULL = YES;
				CLANG_ANALYZER_NUMBER_OBJECT_CONVERSION = YES_AGGRESSIVE;
				CLANG_CXX_LANGUAGE_STANDARD = "gnu++14";
				CLANG_CXX_LIBRARY = "libc++";
				CLANG_ENABLE_MODULES = YES;
				CLANG_ENABLE_OBJC_ARC = YES;
				CLANG_WARN_BLOCK_CAPTURE_AUTORELEASING = YES;
				CLANG_WARN_BOOL_CONVERSION = YES;
				CLANG_WARN_COMMA = YES;
				CLANG_WARN_CONSTANT_CONVERSION = YES;
				CLANG_WARN_DIRECT_OBJC_ISA_USAGE = YES_ERROR;
				CLANG_WARN_DOCUMENTATION_COMMENTS = YES;
				CLANG_WARN_EMPTY_BODY = YES;
				CLANG_WARN_ENUM_CONVERSION = YES;
				CLANG_WARN_INFINITE_RECURSION = YES;
				CLANG_WARN_INT_CONVERSION = YES;
				CLANG_WARN_NON_LITERAL_NULL_CONVERSION = YES;
				CLANG_WARN_OBJC_LITERAL_CONVERSION = YES;
				CLANG_WARN_OBJC_ROOT_CLASS = YES_ERROR;
				CLANG_WARN_RANGE_LOOP_ANALYSIS = YES;
				CLANG_WARN_STRICT_PROTOTYPES = YES;
				CLANG_WARN_SUSPICIOUS_MOVE = YES;
				CLANG_WARN_UNGUARDED_AVAILABILITY = YES_AGGRESSIVE;
				CLANG_WARN_UNREACHABLE_CODE = YES;
				CLANG_WARN__DUPLICATE_METHOD_MATCH = YES;
				CODE_SIGN_IDENTITY = "-";
				COPY_PHASE_STRIP = NO;
				DEBUG_INFORMATION_FORMAT = dwarf;
				ENABLE_STRICT_OBJC_MSGSEND = YES;
				ENABLE_TESTABILITY = YES;
				GCC_C_LANGUAGE_STANDARD = gnu11;
				GCC_DYNAMIC_NO_PIC = NO;
				GCC_NO_COMMON_BLOCKS = YES;
				GCC_OPTIMIZATION_LEVEL = 0;
				GCC_PREPROCESSOR_DEFINITIONS = (
					"DEBUG=1",
					"$(inherited)",
				);
				GCC_WARN_64_TO_32_BIT_CONVERSION = YES;
				GCC_WARN_ABOUT_RETURN_TYPE = YES_ERROR;
				GCC_WARN_UNDECLARED_SELECTOR = YES;
				GCC_WARN_UNINITIALIZED_AUTOS = YES_AGGRESSIVE;
				GCC_WARN_UNUSED_FUNCTION = YES;
				GCC_WARN_UNUSED_VARIABLE = YES;
				MACOSX_DEPLOYMENT_TARGET = 10.13;
				MTL_ENABLE_DEBUG_INFO = YES;
				ONLY_ACTIVE_ARCH = YES;
				SDKROOT = macosx;
				SWIFT_ACTIVE_COMPILATION_CONDITIONS = DEBUG;
				SWIFT_OPTIMIZATION_LEVEL = "-Onone";
			};
			name = Debug;
		};
		ED83F69220348A760038D96B /* Release */ = {
			isa = XCBuildConfiguration;
			buildSettings = {
				ALWAYS_SEARCH_USER_PATHS = NO;
				CLANG_ANALYZER_NONNULL = YES;
				CLANG_ANALYZER_NUMBER_OBJECT_CONVERSION = YES_AGGRESSIVE;
				CLANG_CXX_LANGUAGE_STANDARD = "gnu++14";
				CLANG_CXX_LIBRARY = "libc++";
				CLANG_ENABLE_MODULES = YES;
				CLANG_ENABLE_OBJC_ARC = YES;
				CLANG_WARN_BLOCK_CAPTURE_AUTORELEASING = YES;
				CLANG_WARN_BOOL_CONVERSION = YES;
				CLANG_WARN_COMMA = YES;
				CLANG_WARN_CONSTANT_CONVERSION = YES;
				CLANG_WARN_DIRECT_OBJC_ISA_USAGE = YES_ERROR;
				CLANG_WARN_DOCUMENTATION_COMMENTS = YES;
				CLANG_WARN_EMPTY_BODY = YES;
				CLANG_WARN_ENUM_CONVERSION = YES;
				CLANG_WARN_INFINITE_RECURSION = YES;
				CLANG_WARN_INT_CONVERSION = YES;
				CLANG_WARN_NON_LITERAL_NULL_CONVERSION = YES;
				CLANG_WARN_OBJC_LITERAL_CONVERSION = YES;
				CLANG_WARN_OBJC_ROOT_CLASS = YES_ERROR;
				CLANG_WARN_RANGE_LOOP_ANALYSIS = YES;
				CLANG_WARN_STRICT_PROTOTYPES = YES;
				CLANG_WARN_SUSPICIOUS_MOVE = YES;
				CLANG_WARN_UNGUARDED_AVAILABILITY = YES_AGGRESSIVE;
				CLANG_WARN_UNREACHABLE_CODE = YES;
				CLANG_WARN__DUPLICATE_METHOD_MATCH = YES;
				CODE_SIGN_IDENTITY = "-";
				COPY_PHASE_STRIP = NO;
				DEBUG_INFORMATION_FORMAT = "dwarf-with-dsym";
				ENABLE_NS_ASSERTIONS = NO;
				ENABLE_STRICT_OBJC_MSGSEND = YES;
				GCC_C_LANGUAGE_STANDARD = gnu11;
				GCC_NO_COMMON_BLOCKS = YES;
				GCC_WARN_64_TO_32_BIT_CONVERSION = YES;
				GCC_WARN_ABOUT_RETURN_TYPE = YES_ERROR;
				GCC_WARN_UNDECLARED_SELECTOR = YES;
				GCC_WARN_UNINITIALIZED_AUTOS = YES_AGGRESSIVE;
				GCC_WARN_UNUSED_FUNCTION = YES;
				GCC_WARN_UNUSED_VARIABLE = YES;
				MACOSX_DEPLOYMENT_TARGET = 10.13;
				MTL_ENABLE_DEBUG_INFO = NO;
				SDKROOT = macosx;
				SWIFT_OPTIMIZATION_LEVEL = "-Owholemodule";
			};
			name = Release;
		};
		ED83F69420348A760038D96B /* Debug */ = {
			isa = XCBuildConfiguration;
			baseConfigurationReference = D2C94295E5406030A4E731C3 /* Pods-DKMacLibrary_Example.debug.xcconfig */;
			buildSettings = {
				ASSETCATALOG_COMPILER_APPICON_NAME = AppIcon;
				CODE_SIGN_ENTITLEMENTS = DKMacLibrary/DKMacLibrary.entitlements;
				CODE_SIGN_STYLE = Automatic;
				COMBINE_HIDPI_IMAGES = YES;
				INFOPLIST_FILE = DKMacLibrary/Info.plist;
				LD_RUNPATH_SEARCH_PATHS = "$(inherited) @executable_path/../Frameworks";
				MACOSX_DEPLOYMENT_TARGET = 10.12;
				PRODUCT_BUNDLE_IDENTIFIER = org.cocoapods.demo.DKMacLibrary;
				PRODUCT_NAME = "$(TARGET_NAME)";
				SWIFT_VERSION = 4.0;
			};
			name = Debug;
		};
		ED83F69520348A760038D96B /* Release */ = {
			isa = XCBuildConfiguration;
			baseConfigurationReference = EA89D847DF01C67FEA5913DB /* Pods-DKMacLibrary_Example.release.xcconfig */;
			buildSettings = {
				ASSETCATALOG_COMPILER_APPICON_NAME = AppIcon;
				CODE_SIGN_ENTITLEMENTS = DKMacLibrary/DKMacLibrary.entitlements;
				CODE_SIGN_STYLE = Automatic;
				COMBINE_HIDPI_IMAGES = YES;
				INFOPLIST_FILE = DKMacLibrary/Info.plist;
				LD_RUNPATH_SEARCH_PATHS = "$(inherited) @executable_path/../Frameworks";
				MACOSX_DEPLOYMENT_TARGET = 10.12;
				PRODUCT_BUNDLE_IDENTIFIER = org.cocoapods.demo.DKMacLibrary;
				PRODUCT_NAME = "$(TARGET_NAME)";
				SWIFT_VERSION = 4.0;
			};
			name = Release;
		};
		ED83F69720348A760038D96B /* Debug */ = {
			isa = XCBuildConfiguration;
			baseConfigurationReference = 21BAE9892043A17478626CD4 /* Pods-DKMacLibrary_Tests.debug.xcconfig */;
			buildSettings = {
				ALWAYS_EMBED_SWIFT_STANDARD_LIBRARIES = YES;
				CODE_SIGN_STYLE = Automatic;
				COMBINE_HIDPI_IMAGES = YES;
				INFOPLIST_FILE = Tests/Info.plist;
				LD_RUNPATH_SEARCH_PATHS = "$(inherited) @executable_path/../Frameworks @loader_path/../Frameworks";
				PRODUCT_BUNDLE_IDENTIFIER = "org.cocoapods.demo.DKMacLibrary-Tests";
				PRODUCT_NAME = "$(TARGET_NAME)";
				SWIFT_VERSION = 4.0;
				TEST_HOST = "$(BUILT_PRODUCTS_DIR)/DKMacLibrary_Example.app/Contents/MacOS/DKMacLibrary_Example";
			};
			name = Debug;
		};
		ED83F69820348A760038D96B /* Release */ = {
			isa = XCBuildConfiguration;
			baseConfigurationReference = 9B4F4FDDE344F5A11D0AEAE8 /* Pods-DKMacLibrary_Tests.release.xcconfig */;
			buildSettings = {
				ALWAYS_EMBED_SWIFT_STANDARD_LIBRARIES = YES;
				CODE_SIGN_STYLE = Automatic;
				COMBINE_HIDPI_IMAGES = YES;
				INFOPLIST_FILE = Tests/Info.plist;
				LD_RUNPATH_SEARCH_PATHS = "$(inherited) @executable_path/../Frameworks @loader_path/../Frameworks";
				PRODUCT_BUNDLE_IDENTIFIER = "org.cocoapods.demo.DKMacLibrary-Tests";
				PRODUCT_NAME = "$(TARGET_NAME)";
				SWIFT_VERSION = 4.0;
				TEST_HOST = "$(BUILT_PRODUCTS_DIR)/DKMacLibrary_Example.app/Contents/MacOS/DKMacLibrary_Example";
			};
			name = Release;
		};
/* End XCBuildConfiguration section */

/* Begin XCConfigurationList section */
		ED83F67320348A760038D96B /* Build configuration list for PBXProject "DKMacLibrary" */ = {
			isa = XCConfigurationList;
			buildConfigurations = (
				ED83F69120348A760038D96B /* Debug */,
				ED83F69220348A760038D96B /* Release */,
			);
			defaultConfigurationIsVisible = 0;
			defaultConfigurationName = Release;
		};
		ED83F69320348A760038D96B /* Build configuration list for PBXNativeTarget "DKMacLibrary_Example" */ = {
			isa = XCConfigurationList;
			buildConfigurations = (
				ED83F69420348A760038D96B /* Debug */,
				ED83F69520348A760038D96B /* Release */,
			);
			defaultConfigurationIsVisible = 0;
			defaultConfigurationName = Release;
		};
		ED83F69620348A760038D96B /* Build configuration list for PBXNativeTarget "DKMacLibrary_Tests" */ = {
			isa = XCConfigurationList;
			buildConfigurations = (
				ED83F69720348A760038D96B /* Debug */,
				ED83F69820348A760038D96B /* Release */,
			);
			defaultConfigurationIsVisible = 0;
			defaultConfigurationName = Release;
		};
/* End XCConfigurationList section */
	};
	rootObject = ED83F67020348A760038D96B /* Project object */;
}
